// !$*UTF8*$!
{
	archiveVersion = 1;
	classes = {
	};
	objectVersion = 56;
	objects = {

/* Begin PBXBuildFile section */
		A603C18529FA4E5B003DBAB4 /* TrackerCategory.swift in Sources */ = {isa = PBXBuildFile; fileRef = A603C18429FA4E5B003DBAB4 /* TrackerCategory.swift */; };
		A603C18729FA4E71003DBAB4 /* TrackerRecord.swift in Sources */ = {isa = PBXBuildFile; fileRef = A603C18629FA4E71003DBAB4 /* TrackerRecord.swift */; };
		A60AC8A32A08CEF10052E114 /* DataManager.swift in Sources */ = {isa = PBXBuildFile; fileRef = A60AC8A22A08CEF10052E114 /* DataManager.swift */; };
		A60AC8A52A08E6C10052E114 /* TrackerCell.swift in Sources */ = {isa = PBXBuildFile; fileRef = A60AC8A42A08E6C10052E114 /* TrackerCell.swift */; };
		A60AC8A72A08F54E0052E114 /* HeaderSectionView.swift in Sources */ = {isa = PBXBuildFile; fileRef = A60AC8A62A08F54E0052E114 /* HeaderSectionView.swift */; };
		A65C69062A0259BF004CC589 /* ScheduleViewController.swift in Sources */ = {isa = PBXBuildFile; fileRef = A65C69052A0259BF004CC589 /* ScheduleViewController.swift */; };
		A65C69082A02C505004CC589 /* CategoriesViewController.swift in Sources */ = {isa = PBXBuildFile; fileRef = A65C69072A02C505004CC589 /* CategoriesViewController.swift */; };
		A65C690A2A02CD9E004CC589 /* NewCategoryViewController.swift in Sources */ = {isa = PBXBuildFile; fileRef = A65C69092A02CD9E004CC589 /* NewCategoryViewController.swift */; };
		A665574929FBBEFB00D6781B /* TrackerTypeViewController.swift in Sources */ = {isa = PBXBuildFile; fileRef = A665574829FBBEFB00D6781B /* TrackerTypeViewController.swift */; };
		A665574B29FBFEEF00D6781B /* TrackerCreationViewController.swift in Sources */ = {isa = PBXBuildFile; fileRef = A665574A29FBFEEF00D6781B /* TrackerCreationViewController.swift */; };
		A665574D29FCCED800D6781B /* ButtonCell.swift in Sources */ = {isa = PBXBuildFile; fileRef = A665574C29FCCED800D6781B /* ButtonCell.swift */; };
		A665574F29FD7E8500D6781B /* EmojiAndColorCell.swift in Sources */ = {isa = PBXBuildFile; fileRef = A665574E29FD7E8500D6781B /* EmojiAndColorCell.swift */; };
		A6E07F4929F2E3D2003038F5 /* AppDelegate.swift in Sources */ = {isa = PBXBuildFile; fileRef = A6E07F4829F2E3D2003038F5 /* AppDelegate.swift */; };
		A6E07F4B29F2E3D2003038F5 /* SceneDelegate.swift in Sources */ = {isa = PBXBuildFile; fileRef = A6E07F4A29F2E3D2003038F5 /* SceneDelegate.swift */; };
		A6E07F4D29F2E3D2003038F5 /* TrackersViewController.swift in Sources */ = {isa = PBXBuildFile; fileRef = A6E07F4C29F2E3D2003038F5 /* TrackersViewController.swift */; };
		A6E07F5229F2E3D4003038F5 /* Assets.xcassets in Resources */ = {isa = PBXBuildFile; fileRef = A6E07F5129F2E3D4003038F5 /* Assets.xcassets */; };
		A6E07F5529F2E3D4003038F5 /* LaunchScreen.storyboard in Resources */ = {isa = PBXBuildFile; fileRef = A6E07F5329F2E3D4003038F5 /* LaunchScreen.storyboard */; };
		A6E07FE729F95DF8003038F5 /* UIColor+Extensions.swift in Sources */ = {isa = PBXBuildFile; fileRef = A6E07FE629F95DF8003038F5 /* UIColor+Extensions.swift */; };
		A6E07FE929F96A71003038F5 /* MovieQuizFonts in Resources */ = {isa = PBXBuildFile; fileRef = A6E07FE829F96A71003038F5 /* MovieQuizFonts */; };
		A6E07FEB29FA49F0003038F5 /* StatisticsViewController.swift in Sources */ = {isa = PBXBuildFile; fileRef = A6E07FEA29FA49F0003038F5 /* StatisticsViewController.swift */; };
		A6E07FED29FA4A47003038F5 /* TabBarController.swift in Sources */ = {isa = PBXBuildFile; fileRef = A6E07FEC29FA4A47003038F5 /* TabBarController.swift */; };
		A6E07FEF29FA4BB4003038F5 /* Tracker.swift in Sources */ = {isa = PBXBuildFile; fileRef = A6E07FEE29FA4BB4003038F5 /* Tracker.swift */; };
		EC61BDE02A723719007DC421 /* WeekDay.swift in Sources */ = {isa = PBXBuildFile; fileRef = EC61BDDF2A723719007DC421 /* WeekDay.swift */; };
		EC61BDE22A72376A007DC421 /* ScheduleService.swift in Sources */ = {isa = PBXBuildFile; fileRef = EC61BDE12A72376A007DC421 /* ScheduleService.swift */; };
		EC9C03842A7E1EC500C1F101 /* OnboardingManager.swift in Sources */ = {isa = PBXBuildFile; fileRef = EC9C03832A7E1EC500C1F101 /* OnboardingManager.swift */; };
		EC9C038A2A7E301B00C1F101 /* CategoriesViewModel.swift in Sources */ = {isa = PBXBuildFile; fileRef = EC9C03892A7E301B00C1F101 /* CategoriesViewModel.swift */; };
		EC9C038E2A7E9D5A00C1F101 /* UICategoryListView.swift in Sources */ = {isa = PBXBuildFile; fileRef = EC9C038D2A7E9D5A00C1F101 /* UICategoryListView.swift */; };
		EC9C03902A7EA84300C1F101 /* Assembler.swift in Sources */ = {isa = PBXBuildFile; fileRef = EC9C038F2A7EA84300C1F101 /* Assembler.swift */; };
		EC9C039C2A80E83300C1F101 /* CategoriesViewModelProtocol.swift in Sources */ = {isa = PBXBuildFile; fileRef = EC9C039B2A80E83300C1F101 /* CategoriesViewModelProtocol.swift */; };
		ECBCBAED2A52E01C003EA1B9 /* TrackerStore.swift in Sources */ = {isa = PBXBuildFile; fileRef = ECBCBAEC2A52E01C003EA1B9 /* TrackerStore.swift */; };
		ECBCBAF02A52E045003EA1B9 /* TrackerCategoryStore.swift in Sources */ = {isa = PBXBuildFile; fileRef = ECBCBAEF2A52E045003EA1B9 /* TrackerCategoryStore.swift */; };
		ECBCBAF22A52E051003EA1B9 /* TrackerRecordStore.swift in Sources */ = {isa = PBXBuildFile; fileRef = ECBCBAF12A52E051003EA1B9 /* TrackerRecordStore.swift */; };
		ECBCBAF52A52E086003EA1B9 /* CoreDataModel.xcdatamodeld in Sources */ = {isa = PBXBuildFile; fileRef = ECBCBAF32A52E086003EA1B9 /* CoreDataModel.xcdatamodeld */; };
		ECBCBAF72A52E83C003EA1B9 /* DatabaseManager.swift in Sources */ = {isa = PBXBuildFile; fileRef = ECBCBAF62A52E83C003EA1B9 /* DatabaseManager.swift */; };
		ECBCBAF92A52EA18003EA1B9 /* UIColorMarshalling.swift in Sources */ = {isa = PBXBuildFile; fileRef = ECBCBAF82A52EA18003EA1B9 /* UIColorMarshalling.swift */; };
		ECBCBB662A5BC9A1003EA1B9 /* TrackerStoreError.swift in Sources */ = {isa = PBXBuildFile; fileRef = ECBCBB652A5BC9A1003EA1B9 /* TrackerStoreError.swift */; };
		ECD043C02A7B7C600043E02A /* OnboardingPageViewController.swift in Sources */ = {isa = PBXBuildFile; fileRef = ECD043BF2A7B7C600043E02A /* OnboardingPageViewController.swift */; };
		ECD043C22A7B7C7D0043E02A /* OnboardingViewController.swift in Sources */ = {isa = PBXBuildFile; fileRef = ECD043C12A7B7C7D0043E02A /* OnboardingViewController.swift */; };
/* End PBXBuildFile section */

/* Begin PBXFileReference section */
		A603C18429FA4E5B003DBAB4 /* TrackerCategory.swift */ = {isa = PBXFileReference; lastKnownFileType = sourcecode.swift; path = TrackerCategory.swift; sourceTree = "<group>"; };
		A603C18629FA4E71003DBAB4 /* TrackerRecord.swift */ = {isa = PBXFileReference; lastKnownFileType = sourcecode.swift; path = TrackerRecord.swift; sourceTree = "<group>"; };
		A603C18B29FA5BB1003DBAB4 /* Info.plist */ = {isa = PBXFileReference; lastKnownFileType = text.plist.xml; path = Info.plist; sourceTree = "<group>"; };
		A60AC8A22A08CEF10052E114 /* DataManager.swift */ = {isa = PBXFileReference; lastKnownFileType = sourcecode.swift; path = DataManager.swift; sourceTree = "<group>"; };
		A60AC8A42A08E6C10052E114 /* TrackerCell.swift */ = {isa = PBXFileReference; lastKnownFileType = sourcecode.swift; path = TrackerCell.swift; sourceTree = "<group>"; };
		A60AC8A62A08F54E0052E114 /* HeaderSectionView.swift */ = {isa = PBXFileReference; lastKnownFileType = sourcecode.swift; path = HeaderSectionView.swift; sourceTree = "<group>"; };
		A65C69052A0259BF004CC589 /* ScheduleViewController.swift */ = {isa = PBXFileReference; lastKnownFileType = sourcecode.swift; path = ScheduleViewController.swift; sourceTree = "<group>"; };
		A65C69072A02C505004CC589 /* CategoriesViewController.swift */ = {isa = PBXFileReference; lastKnownFileType = sourcecode.swift; path = CategoriesViewController.swift; sourceTree = "<group>"; };
		A65C69092A02CD9E004CC589 /* NewCategoryViewController.swift */ = {isa = PBXFileReference; lastKnownFileType = sourcecode.swift; path = NewCategoryViewController.swift; sourceTree = "<group>"; };
		A665574829FBBEFB00D6781B /* TrackerTypeViewController.swift */ = {isa = PBXFileReference; lastKnownFileType = sourcecode.swift; path = TrackerTypeViewController.swift; sourceTree = "<group>"; };
		A665574A29FBFEEF00D6781B /* TrackerCreationViewController.swift */ = {isa = PBXFileReference; lastKnownFileType = sourcecode.swift; path = TrackerCreationViewController.swift; sourceTree = "<group>"; };
		A665574C29FCCED800D6781B /* ButtonCell.swift */ = {isa = PBXFileReference; lastKnownFileType = sourcecode.swift; path = ButtonCell.swift; sourceTree = "<group>"; };
		A665574E29FD7E8500D6781B /* EmojiAndColorCell.swift */ = {isa = PBXFileReference; lastKnownFileType = sourcecode.swift; path = EmojiAndColorCell.swift; sourceTree = "<group>"; };
		A6E07F4529F2E3D1003038F5 /* Tracker.app */ = {isa = PBXFileReference; explicitFileType = wrapper.application; includeInIndex = 0; path = Tracker.app; sourceTree = BUILT_PRODUCTS_DIR; };
		A6E07F4829F2E3D2003038F5 /* AppDelegate.swift */ = {isa = PBXFileReference; lastKnownFileType = sourcecode.swift; path = AppDelegate.swift; sourceTree = "<group>"; };
		A6E07F4A29F2E3D2003038F5 /* SceneDelegate.swift */ = {isa = PBXFileReference; lastKnownFileType = sourcecode.swift; path = SceneDelegate.swift; sourceTree = "<group>"; };
		A6E07F4C29F2E3D2003038F5 /* TrackersViewController.swift */ = {isa = PBXFileReference; lastKnownFileType = sourcecode.swift; path = TrackersViewController.swift; sourceTree = "<group>"; };
		A6E07F5129F2E3D4003038F5 /* Assets.xcassets */ = {isa = PBXFileReference; lastKnownFileType = folder.assetcatalog; path = Assets.xcassets; sourceTree = "<group>"; };
		A6E07F5429F2E3D4003038F5 /* Base */ = {isa = PBXFileReference; lastKnownFileType = file.storyboard; name = Base; path = Base.lproj/LaunchScreen.storyboard; sourceTree = "<group>"; };
		A6E07FE629F95DF8003038F5 /* UIColor+Extensions.swift */ = {isa = PBXFileReference; lastKnownFileType = sourcecode.swift; path = "UIColor+Extensions.swift"; sourceTree = "<group>"; };
		A6E07FE829F96A71003038F5 /* MovieQuizFonts */ = {isa = PBXFileReference; lastKnownFileType = folder; path = MovieQuizFonts; sourceTree = "<group>"; };
		A6E07FEA29FA49F0003038F5 /* StatisticsViewController.swift */ = {isa = PBXFileReference; lastKnownFileType = sourcecode.swift; path = StatisticsViewController.swift; sourceTree = "<group>"; };
		A6E07FEC29FA4A47003038F5 /* TabBarController.swift */ = {isa = PBXFileReference; lastKnownFileType = sourcecode.swift; path = TabBarController.swift; sourceTree = "<group>"; };
		A6E07FEE29FA4BB4003038F5 /* Tracker.swift */ = {isa = PBXFileReference; lastKnownFileType = sourcecode.swift; path = Tracker.swift; sourceTree = "<group>"; };
		EC61BDDF2A723719007DC421 /* WeekDay.swift */ = {isa = PBXFileReference; lastKnownFileType = sourcecode.swift; path = WeekDay.swift; sourceTree = "<group>"; };
		EC61BDE12A72376A007DC421 /* ScheduleService.swift */ = {isa = PBXFileReference; lastKnownFileType = sourcecode.swift; path = ScheduleService.swift; sourceTree = "<group>"; };
		EC9C03832A7E1EC500C1F101 /* OnboardingManager.swift */ = {isa = PBXFileReference; lastKnownFileType = sourcecode.swift; path = OnboardingManager.swift; sourceTree = "<group>"; };
		EC9C03892A7E301B00C1F101 /* CategoriesViewModel.swift */ = {isa = PBXFileReference; lastKnownFileType = sourcecode.swift; path = CategoriesViewModel.swift; sourceTree = "<group>"; };
		EC9C038D2A7E9D5A00C1F101 /* UICategoryListView.swift */ = {isa = PBXFileReference; lastKnownFileType = sourcecode.swift; path = UICategoryListView.swift; sourceTree = "<group>"; };
		EC9C038F2A7EA84300C1F101 /* Assembler.swift */ = {isa = PBXFileReference; lastKnownFileType = sourcecode.swift; path = Assembler.swift; sourceTree = "<group>"; };
		EC9C039B2A80E83300C1F101 /* CategoriesViewModelProtocol.swift */ = {isa = PBXFileReference; lastKnownFileType = sourcecode.swift; path = CategoriesViewModelProtocol.swift; sourceTree = "<group>"; };
		ECBCBAEC2A52E01C003EA1B9 /* TrackerStore.swift */ = {isa = PBXFileReference; lastKnownFileType = sourcecode.swift; path = TrackerStore.swift; sourceTree = "<group>"; };
		ECBCBAEF2A52E045003EA1B9 /* TrackerCategoryStore.swift */ = {isa = PBXFileReference; lastKnownFileType = sourcecode.swift; path = TrackerCategoryStore.swift; sourceTree = "<group>"; };
		ECBCBAF12A52E051003EA1B9 /* TrackerRecordStore.swift */ = {isa = PBXFileReference; lastKnownFileType = sourcecode.swift; path = TrackerRecordStore.swift; sourceTree = "<group>"; };
		ECBCBAF42A52E086003EA1B9 /* CoreDataModel.xcdatamodel */ = {isa = PBXFileReference; lastKnownFileType = wrapper.xcdatamodel; path = CoreDataModel.xcdatamodel; sourceTree = "<group>"; };
		ECBCBAF62A52E83C003EA1B9 /* DatabaseManager.swift */ = {isa = PBXFileReference; lastKnownFileType = sourcecode.swift; path = DatabaseManager.swift; sourceTree = "<group>"; };
		ECBCBAF82A52EA18003EA1B9 /* UIColorMarshalling.swift */ = {isa = PBXFileReference; lastKnownFileType = sourcecode.swift; path = UIColorMarshalling.swift; sourceTree = "<group>"; };
		ECBCBB652A5BC9A1003EA1B9 /* TrackerStoreError.swift */ = {isa = PBXFileReference; lastKnownFileType = sourcecode.swift; path = TrackerStoreError.swift; sourceTree = "<group>"; };
		ECD043BF2A7B7C600043E02A /* OnboardingPageViewController.swift */ = {isa = PBXFileReference; lastKnownFileType = sourcecode.swift; path = OnboardingPageViewController.swift; sourceTree = "<group>"; };
		ECD043C12A7B7C7D0043E02A /* OnboardingViewController.swift */ = {isa = PBXFileReference; lastKnownFileType = sourcecode.swift; path = OnboardingViewController.swift; sourceTree = "<group>"; };
/* End PBXFileReference section */

/* Begin PBXFrameworksBuildPhase section */
		A6E07F4229F2E3D1003038F5 /* Frameworks */ = {
			isa = PBXFrameworksBuildPhase;
			buildActionMask = 2147483647;
			files = (
			);
			runOnlyForDeploymentPostprocessing = 0;
		};
/* End PBXFrameworksBuildPhase section */

/* Begin PBXGroup section */
		A603C18E29FA68A3003DBAB4 /* Resources */ = {
			isa = PBXGroup;
			children = (
				A6E07F4829F2E3D2003038F5 /* AppDelegate.swift */,
				A6E07F4A29F2E3D2003038F5 /* SceneDelegate.swift */,
				A603C18B29FA5BB1003DBAB4 /* Info.plist */,
				A6E07F5129F2E3D4003038F5 /* Assets.xcassets */,
				A6E07F5329F2E3D4003038F5 /* LaunchScreen.storyboard */,
				A6E07FE629F95DF8003038F5 /* UIColor+Extensions.swift */,
				ECBCBAF82A52EA18003EA1B9 /* UIColorMarshalling.swift */,
				A6E07FE829F96A71003038F5 /* MovieQuizFonts */,
			);
			path = Resources;
			sourceTree = "<group>";
		};
		A603C19029FA6F0F003DBAB4 /* Models */ = {
			isa = PBXGroup;
			children = (
				EC61BDE12A72376A007DC421 /* ScheduleService.swift */,
				EC61BDDF2A723719007DC421 /* WeekDay.swift */,
				A6E07FEE29FA4BB4003038F5 /* Tracker.swift */,
				A603C18429FA4E5B003DBAB4 /* TrackerCategory.swift */,
				A603C18629FA4E71003DBAB4 /* TrackerRecord.swift */,
				A60AC8A22A08CEF10052E114 /* DataManager.swift */,
			);
			path = Models;
			sourceTree = "<group>";
		};
		A6E07F3C29F2E3D1003038F5 = {
			isa = PBXGroup;
			children = (
				A6E07FEC29FA4A47003038F5 /* TabBarController.swift */,
				A6E07F4C29F2E3D2003038F5 /* TrackersViewController.swift */,
				A665574829FBBEFB00D6781B /* TrackerTypeViewController.swift */,
				A665574A29FBFEEF00D6781B /* TrackerCreationViewController.swift */,
				A65C69052A0259BF004CC589 /* ScheduleViewController.swift */,
				A65C69092A02CD9E004CC589 /* NewCategoryViewController.swift */,
				EC9C03852A7E2E9900C1F101 /* Categories-MVVM */,
				ECD043BE2A7B7C470043E02A /* Onboarding */,
				EC61BDE32A72383A007DC421 /* Statistics */,
				A60AC8A62A08F54E0052E114 /* HeaderSectionView.swift */,
				A60AC8A42A08E6C10052E114 /* TrackerCell.swift */,
				A665574C29FCCED800D6781B /* ButtonCell.swift */,
				A665574E29FD7E8500D6781B /* EmojiAndColorCell.swift */,
				ECBCBAEE2A52E023003EA1B9 /* CoreData */,
				A603C19029FA6F0F003DBAB4 /* Models */,
				A603C18E29FA68A3003DBAB4 /* Resources */,
				A6E07F4629F2E3D1003038F5 /* Products */,
			);
			sourceTree = "<group>";
		};
		A6E07F4629F2E3D1003038F5 /* Products */ = {
			isa = PBXGroup;
			children = (
				A6E07F4529F2E3D1003038F5 /* Tracker.app */,
			);
			name = Products;
			sourceTree = "<group>";
		};
		EC61BDE32A72383A007DC421 /* Statistics */ = {
			isa = PBXGroup;
			children = (
				A6E07FEA29FA49F0003038F5 /* StatisticsViewController.swift */,
			);
			path = Statistics;
			sourceTree = "<group>";
		};
		EC9C03852A7E2E9900C1F101 /* Categories-MVVM */ = {
			isa = PBXGroup;
			children = (
				EC9C03872A7E2ECD00C1F101 /* Model */,
				EC9C03862A7E2EC200C1F101 /* View */,
				EC9C03882A7E2EDA00C1F101 /* ViewModel */,
			);
			path = "Categories-MVVM";
			sourceTree = "<group>";
		};
		EC9C03862A7E2EC200C1F101 /* View */ = {
			isa = PBXGroup;
			children = (
				A65C69072A02C505004CC589 /* CategoriesViewController.swift */,
				EC9C038D2A7E9D5A00C1F101 /* UICategoryListView.swift */,
			);
			path = View;
			sourceTree = "<group>";
		};
		EC9C03872A7E2ECD00C1F101 /* Model */ = {
			isa = PBXGroup;
			children = (
				ECBCBAEF2A52E045003EA1B9 /* TrackerCategoryStore.swift */,
			);
			path = Model;
			sourceTree = "<group>";
		};
		EC9C03882A7E2EDA00C1F101 /* ViewModel */ = {
			isa = PBXGroup;
			children = (
				EC9C03892A7E301B00C1F101 /* CategoriesViewModel.swift */,
				EC9C039B2A80E83300C1F101 /* CategoriesViewModelProtocol.swift */,
				EC9C038F2A7EA84300C1F101 /* Assembler.swift */,
			);
			path = ViewModel;
			sourceTree = "<group>";
		};
		ECBCBAEE2A52E023003EA1B9 /* CoreData */ = {
			isa = PBXGroup;
			children = (
				ECBCBAF62A52E83C003EA1B9 /* DatabaseManager.swift */,
				ECBCBAEC2A52E01C003EA1B9 /* TrackerStore.swift */,
				ECBCBAF12A52E051003EA1B9 /* TrackerRecordStore.swift */,
				ECBCBAF32A52E086003EA1B9 /* CoreDataModel.xcdatamodeld */,
				ECBCBB652A5BC9A1003EA1B9 /* TrackerStoreError.swift */,
			);
			path = CoreData;
			sourceTree = "<group>";
		};
		ECD043BE2A7B7C470043E02A /* Onboarding */ = {
			isa = PBXGroup;
			children = (
				ECD043BF2A7B7C600043E02A /* OnboardingPageViewController.swift */,
				ECD043C12A7B7C7D0043E02A /* OnboardingViewController.swift */,
				EC9C03832A7E1EC500C1F101 /* OnboardingManager.swift */,
			);
			path = Onboarding;
			sourceTree = "<group>";
		};
/* End PBXGroup section */

/* Begin PBXNativeTarget section */
		A6E07F4429F2E3D1003038F5 /* Tracker */ = {
			isa = PBXNativeTarget;
			buildConfigurationList = A6E07F5929F2E3D4003038F5 /* Build configuration list for PBXNativeTarget "Tracker" */;
			buildPhases = (
				A6E07F4129F2E3D1003038F5 /* Sources */,
				A6E07F4229F2E3D1003038F5 /* Frameworks */,
				A6E07F4329F2E3D1003038F5 /* Resources */,
			);
			buildRules = (
			);
			dependencies = (
			);
			name = Tracker;
			productName = Tracker;
			productReference = A6E07F4529F2E3D1003038F5 /* Tracker.app */;
			productType = "com.apple.product-type.application";
		};
/* End PBXNativeTarget section */

/* Begin PBXProject section */
		A6E07F3D29F2E3D1003038F5 /* Project object */ = {
			isa = PBXProject;
			attributes = {
				BuildIndependentTargetsInParallel = 1;
				LastSwiftUpdateCheck = 1410;
				LastUpgradeCheck = 1410;
				TargetAttributes = {
					A6E07F4429F2E3D1003038F5 = {
						CreatedOnToolsVersion = 14.1;
					};
				};
			};
			buildConfigurationList = A6E07F4029F2E3D1003038F5 /* Build configuration list for PBXProject "Tracker" */;
			compatibilityVersion = "Xcode 14.0";
			developmentRegion = en;
			hasScannedForEncodings = 0;
			knownRegions = (
				en,
				Base,
			);
			mainGroup = A6E07F3C29F2E3D1003038F5;
			productRefGroup = A6E07F4629F2E3D1003038F5 /* Products */;
			projectDirPath = "";
			projectRoot = "";
			targets = (
				A6E07F4429F2E3D1003038F5 /* Tracker */,
			);
		};
/* End PBXProject section */

/* Begin PBXResourcesBuildPhase section */
		A6E07F4329F2E3D1003038F5 /* Resources */ = {
			isa = PBXResourcesBuildPhase;
			buildActionMask = 2147483647;
			files = (
				A6E07F5529F2E3D4003038F5 /* LaunchScreen.storyboard in Resources */,
				A6E07FE929F96A71003038F5 /* MovieQuizFonts in Resources */,
				A6E07F5229F2E3D4003038F5 /* Assets.xcassets in Resources */,
			);
			runOnlyForDeploymentPostprocessing = 0;
		};
/* End PBXResourcesBuildPhase section */

/* Begin PBXSourcesBuildPhase section */
		A6E07F4129F2E3D1003038F5 /* Sources */ = {
			isa = PBXSourcesBuildPhase;
			buildActionMask = 2147483647;
			files = (
				ECBCBAF92A52EA18003EA1B9 /* UIColorMarshalling.swift in Sources */,
				A6E07F4D29F2E3D2003038F5 /* TrackersViewController.swift in Sources */,
				EC9C03902A7EA84300C1F101 /* Assembler.swift in Sources */,
				A65C690A2A02CD9E004CC589 /* NewCategoryViewController.swift in Sources */,
				A6E07FEB29FA49F0003038F5 /* StatisticsViewController.swift in Sources */,
				A603C18529FA4E5B003DBAB4 /* TrackerCategory.swift in Sources */,
				A6E07F4929F2E3D2003038F5 /* AppDelegate.swift in Sources */,
				EC9C038A2A7E301B00C1F101 /* CategoriesViewModel.swift in Sources */,
				A6E07FED29FA4A47003038F5 /* TabBarController.swift in Sources */,
				EC9C039C2A80E83300C1F101 /* CategoriesViewModelProtocol.swift in Sources */,
				ECD043C22A7B7C7D0043E02A /* OnboardingViewController.swift in Sources */,
				A65C69062A0259BF004CC589 /* ScheduleViewController.swift in Sources */,
				A665574929FBBEFB00D6781B /* TrackerTypeViewController.swift in Sources */,
				ECD043C02A7B7C600043E02A /* OnboardingPageViewController.swift in Sources */,
				ECBCBAF72A52E83C003EA1B9 /* DatabaseManager.swift in Sources */,
				A665574F29FD7E8500D6781B /* EmojiAndColorCell.swift in Sources */,
				A60AC8A32A08CEF10052E114 /* DataManager.swift in Sources */,
				EC61BDE22A72376A007DC421 /* ScheduleService.swift in Sources */,
				A60AC8A52A08E6C10052E114 /* TrackerCell.swift in Sources */,
				EC61BDE02A723719007DC421 /* WeekDay.swift in Sources */,
				A60AC8A72A08F54E0052E114 /* HeaderSectionView.swift in Sources */,
				A603C18729FA4E71003DBAB4 /* TrackerRecord.swift in Sources */,
				ECBCBB662A5BC9A1003EA1B9 /* TrackerStoreError.swift in Sources */,
				A6E07F4B29F2E3D2003038F5 /* SceneDelegate.swift in Sources */,
				ECBCBAED2A52E01C003EA1B9 /* TrackerStore.swift in Sources */,
				A6E07FE729F95DF8003038F5 /* UIColor+Extensions.swift in Sources */,
				EC9C03842A7E1EC500C1F101 /* OnboardingManager.swift in Sources */,
				EC9C038E2A7E9D5A00C1F101 /* UICategoryListView.swift in Sources */,
				A665574B29FBFEEF00D6781B /* TrackerCreationViewController.swift in Sources */,
				ECBCBAF52A52E086003EA1B9 /* CoreDataModel.xcdatamodeld in Sources */,
				A6E07FEF29FA4BB4003038F5 /* Tracker.swift in Sources */,
				A665574D29FCCED800D6781B /* ButtonCell.swift in Sources */,
				ECBCBAF22A52E051003EA1B9 /* TrackerRecordStore.swift in Sources */,
				A65C69082A02C505004CC589 /* CategoriesViewController.swift in Sources */,
				ECBCBAF02A52E045003EA1B9 /* TrackerCategoryStore.swift in Sources */,
			);
			runOnlyForDeploymentPostprocessing = 0;
		};
/* End PBXSourcesBuildPhase section */

/* Begin PBXVariantGroup section */
		A6E07F5329F2E3D4003038F5 /* LaunchScreen.storyboard */ = {
			isa = PBXVariantGroup;
			children = (
				A6E07F5429F2E3D4003038F5 /* Base */,
			);
			name = LaunchScreen.storyboard;
			sourceTree = "<group>";
		};
/* End PBXVariantGroup section */

/* Begin XCBuildConfiguration section */
		A6E07F5729F2E3D4003038F5 /* Debug */ = {
			isa = XCBuildConfiguration;
			buildSettings = {
				ALWAYS_SEARCH_USER_PATHS = NO;
				CLANG_ANALYZER_NONNULL = YES;
				CLANG_ANALYZER_NUMBER_OBJECT_CONVERSION = YES_AGGRESSIVE;
				CLANG_CXX_LANGUAGE_STANDARD = "gnu++20";
				CLANG_ENABLE_MODULES = YES;
				CLANG_ENABLE_OBJC_ARC = YES;
				CLANG_ENABLE_OBJC_WEAK = YES;
				CLANG_WARN_BLOCK_CAPTURE_AUTORELEASING = YES;
				CLANG_WARN_BOOL_CONVERSION = YES;
				CLANG_WARN_COMMA = YES;
				CLANG_WARN_CONSTANT_CONVERSION = YES;
				CLANG_WARN_DEPRECATED_OBJC_IMPLEMENTATIONS = YES;
				CLANG_WARN_DIRECT_OBJC_ISA_USAGE = YES_ERROR;
				CLANG_WARN_DOCUMENTATION_COMMENTS = YES;
				CLANG_WARN_EMPTY_BODY = YES;
				CLANG_WARN_ENUM_CONVERSION = YES;
				CLANG_WARN_INFINITE_RECURSION = YES;
				CLANG_WARN_INT_CONVERSION = YES;
				CLANG_WARN_NON_LITERAL_NULL_CONVERSION = YES;
				CLANG_WARN_OBJC_IMPLICIT_RETAIN_SELF = YES;
				CLANG_WARN_OBJC_LITERAL_CONVERSION = YES;
				CLANG_WARN_OBJC_ROOT_CLASS = YES_ERROR;
				CLANG_WARN_QUOTED_INCLUDE_IN_FRAMEWORK_HEADER = YES;
				CLANG_WARN_RANGE_LOOP_ANALYSIS = YES;
				CLANG_WARN_STRICT_PROTOTYPES = YES;
				CLANG_WARN_SUSPICIOUS_MOVE = YES;
				CLANG_WARN_UNGUARDED_AVAILABILITY = YES_AGGRESSIVE;
				CLANG_WARN_UNREACHABLE_CODE = YES;
				CLANG_WARN__DUPLICATE_METHOD_MATCH = YES;
				COPY_PHASE_STRIP = NO;
				DEBUG_INFORMATION_FORMAT = dwarf;
				ENABLE_STRICT_OBJC_MSGSEND = YES;
				ENABLE_TESTABILITY = YES;
				GCC_C_LANGUAGE_STANDARD = gnu11;
				GCC_DYNAMIC_NO_PIC = NO;
				GCC_NO_COMMON_BLOCKS = YES;
				GCC_OPTIMIZATION_LEVEL = 0;
				GCC_PREPROCESSOR_DEFINITIONS = (
					"DEBUG=1",
					"$(inherited)",
				);
				GCC_WARN_64_TO_32_BIT_CONVERSION = YES;
				GCC_WARN_ABOUT_RETURN_TYPE = YES_ERROR;
				GCC_WARN_UNDECLARED_SELECTOR = YES;
				GCC_WARN_UNINITIALIZED_AUTOS = YES_AGGRESSIVE;
				GCC_WARN_UNUSED_FUNCTION = YES;
				GCC_WARN_UNUSED_VARIABLE = YES;
				IPHONEOS_DEPLOYMENT_TARGET = 16.1;
				MTL_ENABLE_DEBUG_INFO = INCLUDE_SOURCE;
				MTL_FAST_MATH = YES;
				ONLY_ACTIVE_ARCH = YES;
				SDKROOT = iphoneos;
				SWIFT_ACTIVE_COMPILATION_CONDITIONS = DEBUG;
				SWIFT_OPTIMIZATION_LEVEL = "-Onone";
			};
			name = Debug;
		};
		A6E07F5829F2E3D4003038F5 /* Release */ = {
			isa = XCBuildConfiguration;
			buildSettings = {
				ALWAYS_SEARCH_USER_PATHS = NO;
				CLANG_ANALYZER_NONNULL = YES;
				CLANG_ANALYZER_NUMBER_OBJECT_CONVERSION = YES_AGGRESSIVE;
				CLANG_CXX_LANGUAGE_STANDARD = "gnu++20";
				CLANG_ENABLE_MODULES = YES;
				CLANG_ENABLE_OBJC_ARC = YES;
				CLANG_ENABLE_OBJC_WEAK = YES;
				CLANG_WARN_BLOCK_CAPTURE_AUTORELEASING = YES;
				CLANG_WARN_BOOL_CONVERSION = YES;
				CLANG_WARN_COMMA = YES;
				CLANG_WARN_CONSTANT_CONVERSION = YES;
				CLANG_WARN_DEPRECATED_OBJC_IMPLEMENTATIONS = YES;
				CLANG_WARN_DIRECT_OBJC_ISA_USAGE = YES_ERROR;
				CLANG_WARN_DOCUMENTATION_COMMENTS = YES;
				CLANG_WARN_EMPTY_BODY = YES;
				CLANG_WARN_ENUM_CONVERSION = YES;
				CLANG_WARN_INFINITE_RECURSION = YES;
				CLANG_WARN_INT_CONVERSION = YES;
				CLANG_WARN_NON_LITERAL_NULL_CONVERSION = YES;
				CLANG_WARN_OBJC_IMPLICIT_RETAIN_SELF = YES;
				CLANG_WARN_OBJC_LITERAL_CONVERSION = YES;
				CLANG_WARN_OBJC_ROOT_CLASS = YES_ERROR;
				CLANG_WARN_QUOTED_INCLUDE_IN_FRAMEWORK_HEADER = YES;
				CLANG_WARN_RANGE_LOOP_ANALYSIS = YES;
				CLANG_WARN_STRICT_PROTOTYPES = YES;
				CLANG_WARN_SUSPICIOUS_MOVE = YES;
				CLANG_WARN_UNGUARDED_AVAILABILITY = YES_AGGRESSIVE;
				CLANG_WARN_UNREACHABLE_CODE = YES;
				CLANG_WARN__DUPLICATE_METHOD_MATCH = YES;
				COPY_PHASE_STRIP = NO;
				DEBUG_INFORMATION_FORMAT = "dwarf-with-dsym";
				ENABLE_NS_ASSERTIONS = NO;
				ENABLE_STRICT_OBJC_MSGSEND = YES;
				GCC_C_LANGUAGE_STANDARD = gnu11;
				GCC_NO_COMMON_BLOCKS = YES;
				GCC_WARN_64_TO_32_BIT_CONVERSION = YES;
				GCC_WARN_ABOUT_RETURN_TYPE = YES_ERROR;
				GCC_WARN_UNDECLARED_SELECTOR = YES;
				GCC_WARN_UNINITIALIZED_AUTOS = YES_AGGRESSIVE;
				GCC_WARN_UNUSED_FUNCTION = YES;
				GCC_WARN_UNUSED_VARIABLE = YES;
				IPHONEOS_DEPLOYMENT_TARGET = 16.1;
				MTL_ENABLE_DEBUG_INFO = NO;
				MTL_FAST_MATH = YES;
				SDKROOT = iphoneos;
				SWIFT_COMPILATION_MODE = wholemodule;
				SWIFT_OPTIMIZATION_LEVEL = "-O";
				VALIDATE_PRODUCT = YES;
			};
			name = Release;
		};
		A6E07F5A29F2E3D4003038F5 /* Debug */ = {
			isa = XCBuildConfiguration;
			buildSettings = {
				ASSETCATALOG_COMPILER_APPICON_NAME = AppIcon;
				ASSETCATALOG_COMPILER_GLOBAL_ACCENT_COLOR_NAME = AccentColor;
				CODE_SIGN_STYLE = Automatic;
				CURRENT_PROJECT_VERSION = 1;
				DEVELOPMENT_TEAM = 3QDV392FQ9;
				GENERATE_INFOPLIST_FILE = YES;
				INFOPLIST_FILE = Resources/Info.plist;
				INFOPLIST_KEY_UIApplicationSupportsIndirectInputEvents = YES;
				INFOPLIST_KEY_UILaunchStoryboardName = LaunchScreen;
				INFOPLIST_KEY_UISupportedInterfaceOrientations = UIInterfaceOrientationPortrait;
				IPHONEOS_DEPLOYMENT_TARGET = 13.4;
				LD_RUNPATH_SEARCH_PATHS = (
					"$(inherited)",
					"@executable_path/Frameworks",
				);
				MARKETING_VERSION = 1.0;
				PRODUCT_BUNDLE_IDENTIFIER = rakhmetov.dzhami.Tracker;
				PRODUCT_NAME = "$(TARGET_NAME)";
				SUPPORTED_PLATFORMS = "iphoneos iphonesimulator";
				SUPPORTS_MACCATALYST = NO;
				SUPPORTS_MAC_DESIGNED_FOR_IPHONE_IPAD = NO;
				SWIFT_EMIT_LOC_STRINGS = YES;
				SWIFT_VERSION = 5.0;
				TARGETED_DEVICE_FAMILY = 1;
			};
			name = Debug;
		};
		A6E07F5B29F2E3D4003038F5 /* Release */ = {
			isa = XCBuildConfiguration;
			buildSettings = {
				ASSETCATALOG_COMPILER_APPICON_NAME = AppIcon;
				ASSETCATALOG_COMPILER_GLOBAL_ACCENT_COLOR_NAME = AccentColor;
				CODE_SIGN_STYLE = Automatic;
				CURRENT_PROJECT_VERSION = 1;
				DEVELOPMENT_TEAM = 3QDV392FQ9;
				GENERATE_INFOPLIST_FILE = YES;
				INFOPLIST_FILE = Resources/Info.plist;
				INFOPLIST_KEY_UIApplicationSupportsIndirectInputEvents = YES;
				INFOPLIST_KEY_UILaunchStoryboardName = LaunchScreen;
				INFOPLIST_KEY_UISupportedInterfaceOrientations = UIInterfaceOrientationPortrait;
				IPHONEOS_DEPLOYMENT_TARGET = 13.4;
				LD_RUNPATH_SEARCH_PATHS = (
					"$(inherited)",
					"@executable_path/Frameworks",
				);
				MARKETING_VERSION = 1.0;
				PRODUCT_BUNDLE_IDENTIFIER = rakhmetov.dzhami.Tracker;
				PRODUCT_NAME = "$(TARGET_NAME)";
				SUPPORTED_PLATFORMS = "iphoneos iphonesimulator";
				SUPPORTS_MACCATALYST = NO;
				SUPPORTS_MAC_DESIGNED_FOR_IPHONE_IPAD = NO;
				SWIFT_EMIT_LOC_STRINGS = YES;
				SWIFT_VERSION = 5.0;
				TARGETED_DEVICE_FAMILY = 1;
			};
			name = Release;
		};
/* End XCBuildConfiguration section */

/* Begin XCConfigurationList section */
		A6E07F4029F2E3D1003038F5 /* Build configuration list for PBXProject "Tracker" */ = {
			isa = XCConfigurationList;
			buildConfigurations = (
				A6E07F5729F2E3D4003038F5 /* Debug */,
				A6E07F5829F2E3D4003038F5 /* Release */,
			);
			defaultConfigurationIsVisible = 0;
			defaultConfigurationName = Release;
		};
		A6E07F5929F2E3D4003038F5 /* Build configuration list for PBXNativeTarget "Tracker" */ = {
			isa = XCConfigurationList;
			buildConfigurations = (
				A6E07F5A29F2E3D4003038F5 /* Debug */,
				A6E07F5B29F2E3D4003038F5 /* Release */,
			);
			defaultConfigurationIsVisible = 0;
			defaultConfigurationName = Release;
		};
/* End XCConfigurationList section */

/* Begin XCVersionGroup section */
		ECBCBAF32A52E086003EA1B9 /* CoreDataModel.xcdatamodeld */ = {
			isa = XCVersionGroup;
			children = (
				ECBCBAF42A52E086003EA1B9 /* CoreDataModel.xcdatamodel */,
			);
			currentVersion = ECBCBAF42A52E086003EA1B9 /* CoreDataModel.xcdatamodel */;
			path = CoreDataModel.xcdatamodeld;
			sourceTree = "<group>";
			versionGroupType = wrapper.xcdatamodel;
		};
/* End XCVersionGroup section */
	};
	rootObject = A6E07F3D29F2E3D1003038F5 /* Project object */;
}
